
Microsoft Visual Studio Solution File, Format Version 12.00
# Visual Studio Version 17
VisualStudioVersion = 17.1.32210.238
MinimumVisualStudioVersion = 10.0.40219.1
Project("{8BC9CEB8-8B4A-11D0-8D11-00A0C91BC942}") = "Arrays", "Arrays\Arrays.vcxproj", "{FEAF2242-004E-48B5-A0A0-BD2B229C8516}"
EndProject
Project("{8BC9CEB8-8B4A-11D0-8D11-00A0C91BC942}") = "Shift", "Shift\Shift.vcxproj", "{F3FB9B27-EE97-4E0F-9493-3AD3D12F6D6A}"
EndProject
Project("{8BC9CEB8-8B4A-11D0-8D11-00A0C91BC942}") = "Numerics", "Numerics\Numerics.vcxproj", "{2C396F42-9422-45F8-AF72-A9B8A67A980F}"
EndProject
Project("{8BC9CEB8-8B4A-11D0-8D11-00A0C91BC942}") = "Sort", "Sort\Sort.vcxproj", "{0923F2A7-07C7-4F5A-BADC-F30897657722}"
EndProject
Project("{8BC9CEB8-8B4A-11D0-8D11-00A0C91BC942}") = "UniqueRand", "UniqueRand\UniqueRand.vcxproj", "{73AAFEA3-898B-418A-9190-C7B063555550}"
EndProject
Project("{8BC9CEB8-8B4A-11D0-8D11-00A0C91BC942}") = "Duplicates", "Duplicates\Duplicates.vcxproj", "{587CE51B-BA11-4BCE-859A-37FB3E724C78}"
EndProject
Project("{8BC9CEB8-8B4A-11D0-8D11-00A0C91BC942}") = "2D", "2D\2D.vcxproj", "{01DEF55B-2D9A-43F5-A9FA-BC27B8FCB0D3}"
EndProject
Project("{8BC9CEB8-8B4A-11D0-8D11-00A0C91BC942}") = "Matrix", "Matrix\Matrix.vcxproj", "{B0EC9F15-5871-4703-B44C-68AEDD29F0FB}"
EndProject
Project("{8BC9CEB8-8B4A-11D0-8D11-00A0C91BC942}") = "Determinant", "Determinant\Determinant.vcxproj", "{383A0848-7510-488C-ABA7-C137B184FA38}"
EndProject
Global
	GlobalSection(SolutionConfigurationPlatforms) = preSolution
		Debug|x64 = Debug|x64
		Debug|x86 = Debug|x86
		Release|x64 = Release|x64
		Release|x86 = Release|x86
	EndGlobalSection
	GlobalSection(ProjectConfigurationPlatforms) = postSolution
		{FEAF2242-004E-48B5-A0A0-BD2B229C8516}.Debug|x64.ActiveCfg = Debug|x64
		{FEAF2242-004E-48B5-A0A0-BD2B229C8516}.Debug|x64.Build.0 = Debug|x64
		{FEAF2242-004E-48B5-A0A0-BD2B229C8516}.Debug|x86.ActiveCfg = Debug|Win32
		{FEAF2242-004E-48B5-A0A0-BD2B229C8516}.Debug|x86.Build.0 = Debug|Win32
		{FEAF2242-004E-48B5-A0A0-BD2B229C8516}.Release|x64.ActiveCfg = Release|x64
		{FEAF2242-004E-48B5-A0A0-BD2B229C8516}.Release|x64.Build.0 = Release|x64
		{FEAF2242-004E-48B5-A0A0-BD2B229C8516}.Release|x86.ActiveCfg = Release|Win32
		{FEAF2242-004E-48B5-A0A0-BD2B229C8516}.Release|x86.Build.0 = Release|Win32
		{F3FB9B27-EE97-4E0F-9493-3AD3D12F6D6A}.Debug|x64.ActiveCfg = Debug|x64
		{F3FB9B27-EE97-4E0F-9493-3AD3D12F6D6A}.Debug|x64.Build.0 = Debug|x64
		{F3FB9B27-EE97-4E0F-9493-3AD3D12F6D6A}.Debug|x86.ActiveCfg = Debug|Win32
		{F3FB9B27-EE97-4E0F-9493-3AD3D12F6D6A}.Debug|x86.Build.0 = Debug|Win32
		{F3FB9B27-EE97-4E0F-9493-3AD3D12F6D6A}.Release|x64.ActiveCfg = Release|x64
		{F3FB9B27-EE97-4E0F-9493-3AD3D12F6D6A}.Release|x64.Build.0 = Release|x64
		{F3FB9B27-EE97-4E0F-9493-3AD3D12F6D6A}.Release|x86.ActiveCfg = Release|Win32
		{F3FB9B27-EE97-4E0F-9493-3AD3D12F6D6A}.Release|x86.Build.0 = Release|Win32
		{2C396F42-9422-45F8-AF72-A9B8A67A980F}.Debug|x64.ActiveCfg = Debug|x64
		{2C396F42-9422-45F8-AF72-A9B8A67A980F}.Debug|x64.Build.0 = Debug|x64
		{2C396F42-9422-45F8-AF72-A9B8A67A980F}.Debug|x86.ActiveCfg = Debug|Win32
		{2C396F42-9422-45F8-AF72-A9B8A67A980F}.Debug|x86.Build.0 = Debug|Win32
		{2C396F42-9422-45F8-AF72-A9B8A67A980F}.Release|x64.ActiveCfg = Release|x64
		{2C396F42-9422-45F8-AF72-A9B8A67A980F}.Release|x64.Build.0 = Release|x64
		{2C396F42-9422-45F8-AF72-A9B8A67A980F}.Release|x86.ActiveCfg = Release|Win32
		{2C396F42-9422-45F8-AF72-A9B8A67A980F}.Release|x86.Build.0 = Release|Win32
		{0923F2A7-07C7-4F5A-BADC-F30897657722}.Debug|x64.ActiveCfg = Debug|x64
		{0923F2A7-07C7-4F5A-BADC-F30897657722}.Debug|x64.Build.0 = Debug|x64
		{0923F2A7-07C7-4F5A-BADC-F30897657722}.Debug|x86.ActiveCfg = Debug|Win32
		{0923F2A7-07C7-4F5A-BADC-F30897657722}.Debug|x86.Build.0 = Debug|Win32
		{0923F2A7-07C7-4F5A-BADC-F30897657722}.Release|x64.ActiveCfg = Release|x64
		{0923F2A7-07C7-4F5A-BADC-F30897657722}.Release|x64.Build.0 = Release|x64
		{0923F2A7-07C7-4F5A-BADC-F30897657722}.Release|x86.ActiveCfg = Release|Win32
		{0923F2A7-07C7-4F5A-BADC-F30897657722}.Release|x86.Build.0 = Release|Win32
		{73AAFEA3-898B-418A-9190-C7B063555550}.Debug|x64.ActiveCfg = Debug|x64
		{73AAFEA3-898B-418A-9190-C7B063555550}.Debug|x64.Build.0 = Debug|x64
		{73AAFEA3-898B-418A-9190-C7B063555550}.Debug|x86.ActiveCfg = Debug|Win32
		{73AAFEA3-898B-418A-9190-C7B063555550}.Debug|x86.Build.0 = Debug|Win32
		{73AAFEA3-898B-418A-9190-C7B063555550}.Release|x64.ActiveCfg = Release|x64
		{73AAFEA3-898B-418A-9190-C7B063555550}.Release|x64.Build.0 = Release|x64
		{73AAFEA3-898B-418A-9190-C7B063555550}.Release|x86.ActiveCfg = Release|Win32
		{73AAFEA3-898B-418A-9190-C7B063555550}.Release|x86.Build.0 = Release|Win32
		{587CE51B-BA11-4BCE-859A-37FB3E724C78}.Debug|x64.ActiveCfg = Debug|x64
		{587CE51B-BA11-4BCE-859A-37FB3E724C78}.Debug|x64.Build.0 = Debug|x64
		{587CE51B-BA11-4BCE-859A-37FB3E724C78}.Debug|x86.ActiveCfg = Debug|Win32
		{587CE51B-BA11-4BCE-859A-37FB3E724C78}.Debug|x86.Build.0 = Debug|Win32
		{587CE51B-BA11-4BCE-859A-37FB3E724C78}.Release|x64.ActiveCfg = Release|x64
		{587CE51B-BA11-4BCE-859A-37FB3E724C78}.Release|x64.Build.0 = Release|x64
		{587CE51B-BA11-4BCE-859A-37FB3E724C78}.Release|x86.ActiveCfg = Release|Win32
		{587CE51B-BA11-4BCE-859A-37FB3E724C78}.Release|x86.Build.0 = Release|Win32
		{01DEF55B-2D9A-43F5-A9FA-BC27B8FCB0D3}.Debug|x64.ActiveCfg = Debug|x64
		{01DEF55B-2D9A-43F5-A9FA-BC27B8FCB0D3}.Debug|x64.Build.0 = Debug|x64
		{01DEF55B-2D9A-43F5-A9FA-BC27B8FCB0D3}.Debug|x86.ActiveCfg = Debug|Win32
		{01DEF55B-2D9A-43F5-A9FA-BC27B8FCB0D3}.Debug|x86.Build.0 = Debug|Win32
		{01DEF55B-2D9A-43F5-A9FA-BC27B8FCB0D3}.Release|x64.ActiveCfg = Release|x64
		{01DEF55B-2D9A-43F5-A9FA-BC27B8FCB0D3}.Release|x64.Build.0 = Release|x64
		{01DEF55B-2D9A-43F5-A9FA-BC27B8FCB0D3}.Release|x86.ActiveCfg = Release|Win32
		{01DEF55B-2D9A-43F5-A9FA-BC27B8FCB0D3}.Release|x86.Build.0 = Release|Win32
		{B0EC9F15-5871-4703-B44C-68AEDD29F0FB}.Debug|x64.ActiveCfg = Debug|x64
		{B0EC9F15-5871-4703-B44C-68AEDD29F0FB}.Debug|x64.Build.0 = Debug|x64
		{B0EC9F15-5871-4703-B44C-68AEDD29F0FB}.Debug|x86.ActiveCfg = Debug|Win32
		{B0EC9F15-5871-4703-B44C-68AEDD29F0FB}.Debug|x86.Build.0 = Debug|Win32
		{B0EC9F15-5871-4703-B44C-68AEDD29F0FB}.Release|x64.ActiveCfg = Release|x64
		{B0EC9F15-5871-4703-B44C-68AEDD29F0FB}.Release|x64.Build.0 = Release|x64
		{B0EC9F15-5871-4703-B44C-68AEDD29F0FB}.Release|x86.ActiveCfg = Release|Win32
		{B0EC9F15-5871-4703-B44C-68AEDD29F0FB}.Release|x86.Build.0 = Release|Win32
		{383A0848-7510-488C-ABA7-C137B184FA38}.Debug|x64.ActiveCfg = Debug|x64
		{383A0848-7510-488C-ABA7-C137B184FA38}.Debug|x64.Build.0 = Debug|x64
		{383A0848-7510-488C-ABA7-C137B184FA38}.Debug|x86.ActiveCfg = Debug|Win32
		{383A0848-7510-488C-ABA7-C137B184FA38}.Debug|x86.Build.0 = Debug|Win32
		{383A0848-7510-488C-ABA7-C137B184FA38}.Release|x64.ActiveCfg = Release|x64
		{383A0848-7510-488C-ABA7-C137B184FA38}.Release|x64.Build.0 = Release|x64
		{383A0848-7510-488C-ABA7-C137B184FA38}.Release|x86.ActiveCfg = Release|Win32
		{383A0848-7510-488C-ABA7-C137B184FA38}.Release|x86.Build.0 = Release|Win32
	EndGlobalSection
	GlobalSection(SolutionProperties) = preSolution
		HideSolutionNode = FALSE
	EndGlobalSection
	GlobalSection(ExtensibilityGlobals) = postSolution
		SolutionGuid = {B74EC456-3ABB-40B0-A838-1C1C1D0E618E}
	EndGlobalSection
EndGlobal
